# This file was autogenerated by Stack.
# You should not edit this file by hand.
# For more information, please see the documentation at:
#   https://docs.haskellstack.org/en/stable/lock_files

packages: []
snapshots:
- completed:
    sha256: e596f5467d31095fd7b9f750e82aeffe012e38e795c13e1cdc945c9cab928085
    size: 604415
    url: https://raw.githubusercontent.com/commercialhaskell/stackage-snapshots/master/nightly/2024/2/27.yaml
  original: nightly-2024-02-27
